
Microsoft Visual Studio Solution File, Format Version 12.00
# Visual Studio Version 17
VisualStudioVersion = 17.4.32916.344
MinimumVisualStudioVersion = 10.0.40219.1
Project("{FAE04EC0-301F-11D3-BF4B-00C04F79EFBC}") = "AplicationJoke", "AplicationJoke\AplicationJoke.csproj", "{AEE44F70-E145-4204-B695-8DF243597FE3}"
EndProject
Global
	GlobalSection(SolutionConfigurationPlatforms) = preSolution
		Debug|Any CPU = Debug|Any CPU
		Release|Any CPU = Release|Any CPU
	EndGlobalSection
	GlobalSection(ProjectConfigurationPlatforms) = postSolution
		{AEE44F70-E145-4204-B695-8DF243597FE3}.Debug|Any CPU.ActiveCfg = Debug|Any CPU
		{AEE44F70-E145-4204-B695-8DF243597FE3}.Debug|Any CPU.Build.0 = Debug|Any CPU
		{AEE44F70-E145-4204-B695-8DF243597FE3}.Release|Any CPU.ActiveCfg = Release|Any CPU
		{AEE44F70-E145-4204-B695-8DF243597FE3}.Release|Any CPU.Build.0 = Release|Any CPU
	EndGlobalSection
	GlobalSection(SolutionProperties) = preSolution
		HideSolutionNode = FALSE
	EndGlobalSection
	GlobalSection(ExtensibilityGlobals) = postSolution
		SolutionGuid = {52BEF127-74B3-4633-BFF7-0EC40B26F9AE}
	EndGlobalSection
EndGlobal
